// !$*UTF8*$!
{
	archiveVersion = 1;
	classes = {
	};
	objectVersion = 55;
	objects = {

/* Begin PBXBuildFile section */
		303EA777297329A300595CDF /* MusicProgressSlider.swift in Sources */ = {isa = PBXBuildFile; fileRef = 303EA776297329A300595CDF /* MusicProgressSlider.swift */; };
		303EA77929732D6600595CDF /* VolumeSlider.swift in Sources */ = {isa = PBXBuildFile; fileRef = 303EA77829732D6600595CDF /* VolumeSlider.swift */; };
		3045011E296F95A400C0E841 /* AppleMusicSliderApp.swift in Sources */ = {isa = PBXBuildFile; fileRef = 3045011D296F95A400C0E841 /* AppleMusicSliderApp.swift */; };
		30450120296F95A400C0E841 /* ContentView.swift in Sources */ = {isa = PBXBuildFile; fileRef = 3045011F296F95A400C0E841 /* ContentView.swift */; };
		30450122296F95A800C0E841 /* Assets.xcassets in Resources */ = {isa = PBXBuildFile; fileRef = 30450121296F95A800C0E841 /* Assets.xcassets */; };
		30450125296F95A800C0E841 /* Preview Assets.xcassets in Resources */ = {isa = PBXBuildFile; fileRef = 30450124296F95A800C0E841 /* Preview Assets.xcassets */; };
		3045012C296F95E200C0E841 /* CustomSlider.swift in Sources */ = {isa = PBXBuildFile; fileRef = 3045012B296F95E200C0E841 /* CustomSlider.swift */; };
		3099C7E229728C3F00775FCB /* Double+Extension.swift in Sources */ = {isa = PBXBuildFile; fileRef = 3099C7E129728C3F00775FCB /* Double+Extension.swift */; };
		30ABD356297D3EC000EEAC16 /* VerticalVolumeSlider.swift in Sources */ = {isa = PBXBuildFile; fileRef = 30ABD355297D3EC000EEAC16 /* VerticalVolumeSlider.swift */; };
/* End PBXBuildFile section */

/* Begin PBXFileReference section */
		303EA776297329A300595CDF /* MusicProgressSlider.swift */ = {isa = PBXFileReference; fileEncoding = 4; lastKnownFileType = sourcecode.swift; path = MusicProgressSlider.swift; sourceTree = "<group>"; };
		303EA77829732D6600595CDF /* VolumeSlider.swift */ = {isa = PBXFileReference; fileEncoding = 4; lastKnownFileType = sourcecode.swift; path = VolumeSlider.swift; sourceTree = "<group>"; };
		3045011A296F95A400C0E841 /* AppleMusicSlider.app */ = {isa = PBXFileReference; explicitFileType = wrapper.application; includeInIndex = 0; path = AppleMusicSlider.app; sourceTree = BUILT_PRODUCTS_DIR; };
		3045011D296F95A400C0E841 /* AppleMusicSliderApp.swift */ = {isa = PBXFileReference; lastKnownFileType = sourcecode.swift; path = AppleMusicSliderApp.swift; sourceTree = "<group>"; };
		3045011F296F95A400C0E841 /* ContentView.swift */ = {isa = PBXFileReference; lastKnownFileType = sourcecode.swift; path = ContentView.swift; sourceTree = "<group>"; };
		30450121296F95A800C0E841 /* Assets.xcassets */ = {isa = PBXFileReference; lastKnownFileType = folder.assetcatalog; path = Assets.xcassets; sourceTree = "<group>"; };
		30450124296F95A800C0E841 /* Preview Assets.xcassets */ = {isa = PBXFileReference; lastKnownFileType = folder.assetcatalog; path = "Preview Assets.xcassets"; sourceTree = "<group>"; };
		3045012B296F95E200C0E841 /* CustomSlider.swift */ = {isa = PBXFileReference; fileEncoding = 4; lastKnownFileType = sourcecode.swift; path = CustomSlider.swift; sourceTree = "<group>"; };
		3099C7E129728C3F00775FCB /* Double+Extension.swift */ = {isa = PBXFileReference; lastKnownFileType = sourcecode.swift; path = "Double+Extension.swift"; sourceTree = "<group>"; };
		30ABD355297D3EC000EEAC16 /* VerticalVolumeSlider.swift */ = {isa = PBXFileReference; fileEncoding = 4; lastKnownFileType = sourcecode.swift; path = VerticalVolumeSlider.swift; sourceTree = "<group>"; };
/* End PBXFileReference section */

/* Begin PBXFrameworksBuildPhase section */
		30450117296F95A400C0E841 /* Frameworks */ = {
			isa = PBXFrameworksBuildPhase;
			buildActionMask = 2147483647;
			files = (
			);
			runOnlyForDeploymentPostprocessing = 0;
		};
/* End PBXFrameworksBuildPhase section */

/* Begin PBXGroup section */
		30450111296F95A400C0E841 = {
			isa = PBXGroup;
			children = (
				3045011C296F95A400C0E841 /* AppleMusicSlider */,
				3045011B296F95A400C0E841 /* Products */,
			);
			sourceTree = "<group>";
		};
		3045011B296F95A400C0E841 /* Products */ = {
			isa = PBXGroup;
			children = (
				3045011A296F95A400C0E841 /* AppleMusicSlider.app */,
			);
			name = Products;
			sourceTree = "<group>";
		};
		3045011C296F95A400C0E841 /* AppleMusicSlider */ = {
			isa = PBXGroup;
			children = (
				3045011D296F95A400C0E841 /* AppleMusicSliderApp.swift */,
				3045011F296F95A400C0E841 /* ContentView.swift */,
				3045012B296F95E200C0E841 /* CustomSlider.swift */,
				303EA77829732D6600595CDF /* VolumeSlider.swift */,
				30ABD355297D3EC000EEAC16 /* VerticalVolumeSlider.swift */,
				303EA776297329A300595CDF /* MusicProgressSlider.swift */,
				3099C7E029728C2D00775FCB /* Extensions */,
				30450121296F95A800C0E841 /* Assets.xcassets */,
				30450123296F95A800C0E841 /* Preview Content */,
			);
			path = AppleMusicSlider;
			sourceTree = "<group>";
		};
		30450123296F95A800C0E841 /* Preview Content */ = {
			isa = PBXGroup;
			children = (
				30450124296F95A800C0E841 /* Preview Assets.xcassets */,
			);
			path = "Preview Content";
			sourceTree = "<group>";
		};
		3099C7E029728C2D00775FCB /* Extensions */ = {
			isa = PBXGroup;
			children = (
				3099C7E129728C3F00775FCB /* Double+Extension.swift */,
			);
			path = Extensions;
			sourceTree = "<group>";
		};
/* End PBXGroup section */

/* Begin PBXNativeTarget section */
		30450119296F95A400C0E841 /* AppleMusicSlider */ = {
			isa = PBXNativeTarget;
			buildConfigurationList = 30450128296F95A800C0E841 /* Build configuration list for PBXNativeTarget "AppleMusicSlider" */;
			buildPhases = (
				30450116296F95A400C0E841 /* Sources */,
				30450117296F95A400C0E841 /* Frameworks */,
				30450118296F95A400C0E841 /* Resources */,
			);
			buildRules = (
			);
			dependencies = (
			);
			name = AppleMusicSlider;
			productName = AppleMusicSlider;
			productReference = 3045011A296F95A400C0E841 /* AppleMusicSlider.app */;
			productType = "com.apple.product-type.application";
		};
/* End PBXNativeTarget section */

/* Begin PBXProject section */
		30450112296F95A400C0E841 /* Project object */ = {
			isa = PBXProject;
			attributes = {
				BuildIndependentTargetsInParallel = 1;
				LastSwiftUpdateCheck = 1340;
				LastUpgradeCheck = 1340;
				TargetAttributes = {
					30450119296F95A400C0E841 = {
						CreatedOnToolsVersion = 13.4.1;
					};
				};
			};
			buildConfigurationList = 30450115296F95A400C0E841 /* Build configuration list for PBXProject "AppleMusicSlider" */;
			compatibilityVersion = "Xcode 13.0";
			developmentRegion = en;
			hasScannedForEncodings = 0;
			knownRegions = (
				en,
				Base,
			);
			mainGroup = 30450111296F95A400C0E841;
			productRefGroup = 3045011B296F95A400C0E841 /* Products */;
			projectDirPath = "";
			projectRoot = "";
			targets = (
				30450119296F95A400C0E841 /* AppleMusicSlider */,
			);
		};
/* End PBXProject section */

/* Begin PBXResourcesBuildPhase section */
		30450118296F95A400C0E841 /* Resources */ = {
			isa = PBXResourcesBuildPhase;
			buildActionMask = 2147483647;
			files = (
				30450125296F95A800C0E841 /* Preview Assets.xcassets in Resources */,
				30450122296F95A800C0E841 /* Assets.xcassets in Resources */,
			);
			runOnlyForDeploymentPostprocessing = 0;
		};
/* End PBXResourcesBuildPhase section */

/* Begin PBXSourcesBuildPhase section */
		30450116296F95A400C0E841 /* Sources */ = {
			isa = PBXSourcesBuildPhase;
			buildActionMask = 2147483647;
			files = (
				303EA77929732D6600595CDF /* VolumeSlider.swift in Sources */,
				30ABD356297D3EC000EEAC16 /* VerticalVolumeSlider.swift in Sources */,
				303EA777297329A300595CDF /* MusicProgressSlider.swift in Sources */,
				3045012C296F95E200C0E841 /* CustomSlider.swift in Sources */,
				30450120296F95A400C0E841 /* ContentView.swift in Sources */,
				3099C7E229728C3F00775FCB /* Double+Extension.swift in Sources */,
				3045011E296F95A400C0E841 /* AppleMusicSliderApp.swift in Sources */,
			);
			runOnlyForDeploymentPostprocessing = 0;
		};
/* End PBXSourcesBuildPhase section */

/* Begin XCBuildConfiguration section */
		30450126296F95A800C0E841 /* Debug */ = {
			isa = XCBuildConfiguration;
			buildSettings = {
				ALWAYS_SEARCH_USER_PATHS = NO;
				CLANG_ANALYZER_NONNULL = YES;
				CLANG_ANALYZER_NUMBER_OBJECT_CONVERSION = YES_AGGRESSIVE;
				CLANG_CXX_LANGUAGE_STANDARD = "gnu++17";
				CLANG_ENABLE_MODULES = YES;
				CLANG_ENABLE_OBJC_ARC = YES;
				CLANG_ENABLE_OBJC_WEAK = YES;
				CLANG_WARN_BLOCK_CAPTURE_AUTORELEASING = YES;
				CLANG_WARN_BOOL_CONVERSION = YES;
				CLANG_WARN_COMMA = YES;
				CLANG_WARN_CONSTANT_CONVERSION = YES;
				CLANG_WARN_DEPRECATED_OBJC_IMPLEMENTATIONS = YES;
				CLANG_WARN_DIRECT_OBJC_ISA_USAGE = YES_ERROR;
				CLANG_WARN_DOCUMENTATION_COMMENTS = YES;
				CLANG_WARN_EMPTY_BODY = YES;
				CLANG_WARN_ENUM_CONVERSION = YES;
				CLANG_WARN_INFINITE_RECURSION = YES;
				CLANG_WARN_INT_CONVERSION = YES;
				CLANG_WARN_NON_LITERAL_NULL_CONVERSION = YES;
				CLANG_WARN_OBJC_IMPLICIT_RETAIN_SELF = YES;
				CLANG_WARN_OBJC_LITERAL_CONVERSION = YES;
				CLANG_WARN_OBJC_ROOT_CLASS = YES_ERROR;
				CLANG_WARN_QUOTED_INCLUDE_IN_FRAMEWORK_HEADER = YES;
				CLANG_WARN_RANGE_LOOP_ANALYSIS = YES;
				CLANG_WARN_STRICT_PROTOTYPES = YES;
				CLANG_WARN_SUSPICIOUS_MOVE = YES;
				CLANG_WARN_UNGUARDED_AVAILABILITY = YES_AGGRESSIVE;
				CLANG_WARN_UNREACHABLE_CODE = YES;
				CLANG_WARN__DUPLICATE_METHOD_MATCH = YES;
				COPY_PHASE_STRIP = NO;
				DEBUG_INFORMATION_FORMAT = dwarf;
				ENABLE_STRICT_OBJC_MSGSEND = YES;
				ENABLE_TESTABILITY = YES;
				GCC_C_LANGUAGE_STANDARD = gnu11;
				GCC_DYNAMIC_NO_PIC = NO;
				GCC_NO_COMMON_BLOCKS = YES;
				GCC_OPTIMIZATION_LEVEL = 0;
				GCC_PREPROCESSOR_DEFINITIONS = (
					"DEBUG=1",
					"$(inherited)",
				);
				GCC_WARN_64_TO_32_BIT_CONVERSION = YES;
				GCC_WARN_ABOUT_RETURN_TYPE = YES_ERROR;
				GCC_WARN_UNDECLARED_SELECTOR = YES;
				GCC_WARN_UNINITIALIZED_AUTOS = YES_AGGRESSIVE;
				GCC_WARN_UNUSED_FUNCTION = YES;
				GCC_WARN_UNUSED_VARIABLE = YES;
				IPHONEOS_DEPLOYMENT_TARGET = 15.5;
				MTL_ENABLE_DEBUG_INFO = INCLUDE_SOURCE;
				MTL_FAST_MATH = YES;
				ONLY_ACTIVE_ARCH = YES;
				SDKROOT = iphoneos;
				SWIFT_ACTIVE_COMPILATION_CONDITIONS = DEBUG;
				SWIFT_OPTIMIZATION_LEVEL = "-Onone";
			};
			name = Debug;
		};
		30450127296F95A800C0E841 /* Release */ = {
			isa = XCBuildConfiguration;
			buildSettings = {
				ALWAYS_SEARCH_USER_PATHS = NO;
				CLANG_ANALYZER_NONNULL = YES;
				CLANG_ANALYZER_NUMBER_OBJECT_CONVERSION = YES_AGGRESSIVE;
				CLANG_CXX_LANGUAGE_STANDARD = "gnu++17";
				CLANG_ENABLE_MODULES = YES;
				CLANG_ENABLE_OBJC_ARC = YES;
				CLANG_ENABLE_OBJC_WEAK = YES;
				CLANG_WARN_BLOCK_CAPTURE_AUTORELEASING = YES;
				CLANG_WARN_BOOL_CONVERSION = YES;
				CLANG_WARN_COMMA = YES;
				CLANG_WARN_CONSTANT_CONVERSION = YES;
				CLANG_WARN_DEPRECATED_OBJC_IMPLEMENTATIONS = YES;
				CLANG_WARN_DIRECT_OBJC_ISA_USAGE = YES_ERROR;
				CLANG_WARN_DOCUMENTATION_COMMENTS = YES;
				CLANG_WARN_EMPTY_BODY = YES;
				CLANG_WARN_ENUM_CONVERSION = YES;
				CLANG_WARN_INFINITE_RECURSION = YES;
				CLANG_WARN_INT_CONVERSION = YES;
				CLANG_WARN_NON_LITERAL_NULL_CONVERSION = YES;
				CLANG_WARN_OBJC_IMPLICIT_RETAIN_SELF = YES;
				CLANG_WARN_OBJC_LITERAL_CONVERSION = YES;
				CLANG_WARN_OBJC_ROOT_CLASS = YES_ERROR;
				CLANG_WARN_QUOTED_INCLUDE_IN_FRAMEWORK_HEADER = YES;
				CLANG_WARN_RANGE_LOOP_ANALYSIS = YES;
				CLANG_WARN_STRICT_PROTOTYPES = YES;
				CLANG_WARN_SUSPICIOUS_MOVE = YES;
				CLANG_WARN_UNGUARDED_AVAILABILITY = YES_AGGRESSIVE;
				CLANG_WARN_UNREACHABLE_CODE = YES;
				CLANG_WARN__DUPLICATE_METHOD_MATCH = YES;
				COPY_PHASE_STRIP = NO;
				DEBUG_INFORMATION_FORMAT = "dwarf-with-dsym";
				ENABLE_NS_ASSERTIONS = NO;
				ENABLE_STRICT_OBJC_MSGSEND = YES;
				GCC_C_LANGUAGE_STANDARD = gnu11;
				GCC_NO_COMMON_BLOCKS = YES;
				GCC_WARN_64_TO_32_BIT_CONVERSION = YES;
				GCC_WARN_ABOUT_RETURN_TYPE = YES_ERROR;
				GCC_WARN_UNDECLARED_SELECTOR = YES;
				GCC_WARN_UNINITIALIZED_AUTOS = YES_AGGRESSIVE;
				GCC_WARN_UNUSED_FUNCTION = YES;
				GCC_WARN_UNUSED_VARIABLE = YES;
				IPHONEOS_DEPLOYMENT_TARGET = 15.5;
				MTL_ENABLE_DEBUG_INFO = NO;
				MTL_FAST_MATH = YES;
				SDKROOT = iphoneos;
				SWIFT_COMPILATION_MODE = wholemodule;
				SWIFT_OPTIMIZATION_LEVEL = "-O";
				VALIDATE_PRODUCT = YES;
			};
			name = Release;
		};
		30450129296F95A800C0E841 /* Debug */ = {
			isa = XCBuildConfiguration;
			buildSettings = {
				ASSETCATALOG_COMPILER_APPICON_NAME = AppIcon;
				ASSETCATALOG_COMPILER_GLOBAL_ACCENT_COLOR_NAME = AccentColor;
				CODE_SIGN_STYLE = Automatic;
				CURRENT_PROJECT_VERSION = 1;
				DEVELOPMENT_ASSET_PATHS = "\"AppleMusicSlider/Preview Content\"";
				DEVELOPMENT_TEAM = VA3V23L23N;
				ENABLE_PREVIEWS = YES;
				GENERATE_INFOPLIST_FILE = YES;
				INFOPLIST_KEY_UIApplicationSceneManifest_Generation = YES;
				INFOPLIST_KEY_UIApplicationSupportsIndirectInputEvents = YES;
				INFOPLIST_KEY_UILaunchScreen_Generation = YES;
				INFOPLIST_KEY_UISupportedInterfaceOrientations_iPad = "UIInterfaceOrientationPortrait UIInterfaceOrientationPortraitUpsideDown UIInterfaceOrientationLandscapeLeft UIInterfaceOrientationLandscapeRight";
				INFOPLIST_KEY_UISupportedInterfaceOrientations_iPhone = "UIInterfaceOrientationPortrait UIInterfaceOrientationLandscapeLeft UIInterfaceOrientationLandscapeRight";
				LD_RUNPATH_SEARCH_PATHS = (
					"$(inherited)",
					"@executable_path/Frameworks",
				);
				MARKETING_VERSION = 1.0;
				PRODUCT_BUNDLE_IDENTIFIER = com.pratik.AppleMusicSlider;
				PRODUCT_NAME = "$(TARGET_NAME)";
				SWIFT_EMIT_LOC_STRINGS = YES;
				SWIFT_VERSION = 5.0;
				TARGETED_DEVICE_FAMILY = "1,2";
			};
			name = Debug;
		};
		3045012A296F95A800C0E841 /* Release */ = {
			isa = XCBuildConfiguration;
			buildSettings = {
				ASSETCATALOG_COMPILER_APPICON_NAME = AppIcon;
				ASSETCATALOG_COMPILER_GLOBAL_ACCENT_COLOR_NAME = AccentColor;
				CODE_SIGN_STYLE = Automatic;
				CURRENT_PROJECT_VERSION = 1;
				DEVELOPMENT_ASSET_PATHS = "\"AppleMusicSlider/Preview Content\"";
				DEVELOPMENT_TEAM = VA3V23L23N;
				ENABLE_PREVIEWS = YES;
				GENERATE_INFOPLIST_FILE = YES;
				INFOPLIST_KEY_UIApplicationSceneManifest_Generation = YES;
				INFOPLIST_KEY_UIApplicationSupportsIndirectInputEvents = YES;
				INFOPLIST_KEY_UILaunchScreen_Generation = YES;
				INFOPLIST_KEY_UISupportedInterfaceOrientations_iPad = "UIInterfaceOrientationPortrait UIInterfaceOrientationPortraitUpsideDown UIInterfaceOrientationLandscapeLeft UIInterfaceOrientationLandscapeRight";
				INFOPLIST_KEY_UISupportedInterfaceOrientations_iPhone = "UIInterfaceOrientationPortrait UIInterfaceOrientationLandscapeLeft UIInterfaceOrientationLandscapeRight";
				LD_RUNPATH_SEARCH_PATHS = (
					"$(inherited)",
					"@executable_path/Frameworks",
				);
				MARKETING_VERSION = 1.0;
				PRODUCT_BUNDLE_IDENTIFIER = com.pratik.AppleMusicSlider;
				PRODUCT_NAME = "$(TARGET_NAME)";
				SWIFT_EMIT_LOC_STRINGS = YES;
				SWIFT_VERSION = 5.0;
				TARGETED_DEVICE_FAMILY = "1,2";
			};
			name = Release;
		};
/* End XCBuildConfiguration section */

/* Begin XCConfigurationList section */
		30450115296F95A400C0E841 /* Build configuration list for PBXProject "AppleMusicSlider" */ = {
			isa = XCConfigurationList;
			buildConfigurations = (
				30450126296F95A800C0E841 /* Debug */,
				30450127296F95A800C0E841 /* Release */,
			);
			defaultConfigurationIsVisible = 0;
			defaultConfigurationName = Release;
		};
		30450128296F95A800C0E841 /* Build configuration list for PBXNativeTarget "AppleMusicSlider" */ = {
			isa = XCConfigurationList;
			buildConfigurations = (
				30450129296F95A800C0E841 /* Debug */,
				3045012A296F95A800C0E841 /* Release */,
			);
			defaultConfigurationIsVisible = 0;
			defaultConfigurationName = Release;
		};
/* End XCConfigurationList section */
	};
	rootObject = 30450112296F95A400C0E841 /* Project object */;
}
